
Microsoft Visual Studio Solution File, Format Version 12.00
# Visual Studio Version 17
VisualStudioVersion = 17.7.34221.43
MinimumVisualStudioVersion = 10.0.40219.1
Project("{9A19103F-16F7-4668-BE54-9A1E7A4F7556}") = "task-poc", "task-poc.csproj", "{721FEAEA-5E0E-4987-AB67-24A4C44DCA8F}"
EndProject
Global
	GlobalSection(SolutionConfigurationPlatforms) = preSolution
		Debug|Any CPU = Debug|Any CPU
		Release|Any CPU = Release|Any CPU
	EndGlobalSection
	GlobalSection(ProjectConfigurationPlatforms) = postSolution
		{721FEAEA-5E0E-4987-AB67-24A4C44DCA8F}.Debug|Any CPU.ActiveCfg = Debug|Any CPU
		{721FEAEA-5E0E-4987-AB67-24A4C44DCA8F}.Debug|Any CPU.Build.0 = Debug|Any CPU
		{721FEAEA-5E0E-4987-AB67-24A4C44DCA8F}.Release|Any CPU.ActiveCfg = Release|Any CPU
		{721FEAEA-5E0E-4987-AB67-24A4C44DCA8F}.Release|Any CPU.Build.0 = Release|Any CPU
	EndGlobalSection
	GlobalSection(SolutionProperties) = preSolution
		HideSolutionNode = FALSE
	EndGlobalSection
	GlobalSection(ExtensibilityGlobals) = postSolution
		SolutionGuid = {6DCB3ACF-9E25-4F68-B10B-0AF9AE7E0273}
	EndGlobalSection
EndGlobal
